
Microsoft Visual Studio Solution File, Format Version 12.00
# Visual Studio Version 17
VisualStudioVersion = 17.9.34607.119
MinimumVisualStudioVersion = 10.0.40219.1
Project("{FAE04EC0-301F-11D3-BF4B-00C04F79EFBC}") = "Assignment1 KeyValueService", "Assignment1 KeyValueService\Assignment1 KeyValueService.csproj", "{2B2AD54D-E6AD-4351-B98D-4264F63D1A4B}"
EndProject
Global
	GlobalSection(SolutionConfigurationPlatforms) = preSolution
		Debug|Any CPU = Debug|Any CPU
		Release|Any CPU = Release|Any CPU
	EndGlobalSection
	GlobalSection(ProjectConfigurationPlatforms) = postSolution
		{2B2AD54D-E6AD-4351-B98D-4264F63D1A4B}.Debug|Any CPU.ActiveCfg = Debug|Any CPU
		{2B2AD54D-E6AD-4351-B98D-4264F63D1A4B}.Debug|Any CPU.Build.0 = Debug|Any CPU
		{2B2AD54D-E6AD-4351-B98D-4264F63D1A4B}.Release|Any CPU.ActiveCfg = Release|Any CPU
		{2B2AD54D-E6AD-4351-B98D-4264F63D1A4B}.Release|Any CPU.Build.0 = Release|Any CPU
	EndGlobalSection
	GlobalSection(SolutionProperties) = preSolution
		HideSolutionNode = FALSE
	EndGlobalSection
	GlobalSection(ExtensibilityGlobals) = postSolution
		SolutionGuid = {83B9BBB3-20B4-4759-96CD-F88503E6EE89}
	EndGlobalSection
EndGlobal
